
Microsoft Visual Studio Solution File, Format Version 12.00
# Visual Studio Version 16
VisualStudioVersion = 16.0.31702.278
MinimumVisualStudioVersion = 10.0.40219.1
Project("{FAE04EC0-301F-11D3-BF4B-00C04F79EFBC}") = "HolePlugin", "HolePlugin\HolePlugin.csproj", "{65DC58B3-FED7-4D78-9E7E-B386B4F1FD32}"
EndProject
Global
	GlobalSection(SolutionConfigurationPlatforms) = preSolution
		Debug|Any CPU = Debug|Any CPU
		Release|Any CPU = Release|Any CPU
	EndGlobalSection
	GlobalSection(ProjectConfigurationPlatforms) = postSolution
		{65DC58B3-FED7-4D78-9E7E-B386B4F1FD32}.Debug|Any CPU.ActiveCfg = Debug|Any CPU
		{65DC58B3-FED7-4D78-9E7E-B386B4F1FD32}.Debug|Any CPU.Build.0 = Debug|Any CPU
		{65DC58B3-FED7-4D78-9E7E-B386B4F1FD32}.Release|Any CPU.ActiveCfg = Release|Any CPU
		{65DC58B3-FED7-4D78-9E7E-B386B4F1FD32}.Release|Any CPU.Build.0 = Release|Any CPU
	EndGlobalSection
	GlobalSection(SolutionProperties) = preSolution
		HideSolutionNode = FALSE
	EndGlobalSection
	GlobalSection(ExtensibilityGlobals) = postSolution
		SolutionGuid = {834059FC-77C0-48EF-9628-3D565E44284E}
	EndGlobalSection
EndGlobal
